// !$*UTF8*$!
{
	archiveVersion = 1;
	classes = {
	};
	objectVersion = 48;
	objects = {

/* Begin PBXBuildFile section */
		6C9B93EBA7CA40EB4839EE9B /* Pods_PeleMedicalCenter.framework in Frameworks */ = {isa = PBXBuildFile; fileRef = ADAECA25CB8DD834CC940B3A /* Pods_PeleMedicalCenter.framework */; };
		8269B67A296AEEC135B73CDC /* Pods_PeleMedicalCenterTests.framework in Frameworks */ = {isa = PBXBuildFile; fileRef = 0DB50B138F7A67E5884FB0C2 /* Pods_PeleMedicalCenterTests.framework */; };
		CD079EE7806374518FB4264F /* Pods_PeleMedicalCenterUITests.framework in Frameworks */ = {isa = PBXBuildFile; fileRef = 497EEEC640CEFA0EA6253883 /* Pods_PeleMedicalCenterUITests.framework */; };
		F45AFF3D1FBB5FD9007D1E57 /* FilterViewController.swift in Sources */ = {isa = PBXBuildFile; fileRef = F45AFF3C1FBB5FD9007D1E57 /* FilterViewController.swift */; };
		F45AFF401FBB7437007D1E57 /* SpecialtyCollectionViewCell.swift in Sources */ = {isa = PBXBuildFile; fileRef = F45AFF3E1FBB7437007D1E57 /* SpecialtyCollectionViewCell.swift */; };
		F45AFF411FBB7437007D1E57 /* SpecialtyCollectionViewCell.xib in Resources */ = {isa = PBXBuildFile; fileRef = F45AFF3F1FBB7437007D1E57 /* SpecialtyCollectionViewCell.xib */; };
		F45AFF431FBCDCB4007D1E57 /* MedicDetailViewController.swift in Sources */ = {isa = PBXBuildFile; fileRef = F45AFF421FBCDCB4007D1E57 /* MedicDetailViewController.swift */; };
		F45AFF481FBCFAAF007D1E57 /* TimeCollectionViewCell.swift in Sources */ = {isa = PBXBuildFile; fileRef = F45AFF461FBCFAAF007D1E57 /* TimeCollectionViewCell.swift */; };
		F45AFF491FBCFAAF007D1E57 /* TimeCollectionViewCell.xib in Resources */ = {isa = PBXBuildFile; fileRef = F45AFF471FBCFAAF007D1E57 /* TimeCollectionViewCell.xib */; };
		F45AFF4C1FBD16A0007D1E57 /* CoreDataPatientModel.xcdatamodeld in Sources */ = {isa = PBXBuildFile; fileRef = F45AFF4A1FBD16A0007D1E57 /* CoreDataPatientModel.xcdatamodeld */; };
		F45AFF4E1FBD1B86007D1E57 /* PatientRecordViewController.swift in Sources */ = {isa = PBXBuildFile; fileRef = F45AFF4D1FBD1B86007D1E57 /* PatientRecordViewController.swift */; };
		F45AFF711FBD1F61007D1E57 /* PatientListViewController.swift in Sources */ = {isa = PBXBuildFile; fileRef = F45AFF701FBD1F61007D1E57 /* PatientListViewController.swift */; };
		F45AFF741FBD24A0007D1E57 /* PatientModel.swift in Sources */ = {isa = PBXBuildFile; fileRef = F45AFF731FBD24A0007D1E57 /* PatientModel.swift */; };
		F45AFF771FBD2882007D1E57 /* PatientTableViewCell.swift in Sources */ = {isa = PBXBuildFile; fileRef = F45AFF751FBD2882007D1E57 /* PatientTableViewCell.swift */; };
		F45AFF781FBD2882007D1E57 /* PatientTableViewCell.xib in Resources */ = {isa = PBXBuildFile; fileRef = F45AFF761FBD2882007D1E57 /* PatientTableViewCell.xib */; };
		F465C8011FBDE3CE00321A99 /* PaymentTableViewCell.swift in Sources */ = {isa = PBXBuildFile; fileRef = F465C7FF1FBDE3CE00321A99 /* PaymentTableViewCell.swift */; };
		F465C8021FBDE3CE00321A99 /* PaymentTableViewCell.xib in Resources */ = {isa = PBXBuildFile; fileRef = F465C8001FBDE3CE00321A99 /* PaymentTableViewCell.xib */; };
		F465C8041FBDE50400321A99 /* PaymentViewController.swift in Sources */ = {isa = PBXBuildFile; fileRef = F465C8031FBDE50400321A99 /* PaymentViewController.swift */; };
		F46C87AD1FAF402F00596DE5 /* ScheduleTableViewCell.swift in Sources */ = {isa = PBXBuildFile; fileRef = F46C87AB1FAF402F00596DE5 /* ScheduleTableViewCell.swift */; };
		F46C87AE1FAF402F00596DE5 /* ScheduleTableViewCell.xib in Resources */ = {isa = PBXBuildFile; fileRef = F46C87AC1FAF402F00596DE5 /* ScheduleTableViewCell.xib */; };
		F47F54131FADFBD800D1A336 /* MedicTableViewCell.swift in Sources */ = {isa = PBXBuildFile; fileRef = F47F54111FADFBD800D1A336 /* MedicTableViewCell.swift */; };
		F47F54141FADFBD800D1A336 /* MedicTableViewCell.xib in Resources */ = {isa = PBXBuildFile; fileRef = F47F54121FADFBD800D1A336 /* MedicTableViewCell.xib */; };
		F4973E1A1FBE3CBE00B2655F /* DesignableView.swift in Sources */ = {isa = PBXBuildFile; fileRef = F4973E191FBE3CBE00B2655F /* DesignableView.swift */; };
		F4973E1C1FBE3EDF00B2655F /* ScheduleFinalDetailsViewController.swift in Sources */ = {isa = PBXBuildFile; fileRef = F4973E1B1FBE3EDF00B2655F /* ScheduleFinalDetailsViewController.swift */; };
		F4E77CD41FAC8123007FCAA4 /* AppDelegate.swift in Sources */ = {isa = PBXBuildFile; fileRef = F4E77CD31FAC8123007FCAA4 /* AppDelegate.swift */; };
		F4E77CD61FAC8123007FCAA4 /* MedicViewController.swift in Sources */ = {isa = PBXBuildFile; fileRef = F4E77CD51FAC8123007FCAA4 /* MedicViewController.swift */; };
		F4E77CD81FAC8123007FCAA4 /* ScheduleViewController.swift in Sources */ = {isa = PBXBuildFile; fileRef = F4E77CD71FAC8123007FCAA4 /* ScheduleViewController.swift */; };
		F4E77CDB1FAC8123007FCAA4 /* Main.storyboard in Resources */ = {isa = PBXBuildFile; fileRef = F4E77CD91FAC8123007FCAA4 /* Main.storyboard */; };
		F4E77CDD1FAC8123007FCAA4 /* Assets.xcassets in Resources */ = {isa = PBXBuildFile; fileRef = F4E77CDC1FAC8123007FCAA4 /* Assets.xcassets */; };
		F4E77CE01FAC8123007FCAA4 /* LaunchScreen.storyboard in Resources */ = {isa = PBXBuildFile; fileRef = F4E77CDE1FAC8123007FCAA4 /* LaunchScreen.storyboard */; };
		F4E77CEB1FAC8123007FCAA4 /* PeleMedicalCenterTests.swift in Sources */ = {isa = PBXBuildFile; fileRef = F4E77CEA1FAC8123007FCAA4 /* PeleMedicalCenterTests.swift */; };
		F4E77CF61FAC8123007FCAA4 /* PeleMedicalCenterUITests.swift in Sources */ = {isa = PBXBuildFile; fileRef = F4E77CF51FAC8123007FCAA4 /* PeleMedicalCenterUITests.swift */; };
/* End PBXBuildFile section */

/* Begin PBXContainerItemProxy section */
		F4E77CE71FAC8123007FCAA4 /* PBXContainerItemProxy */ = {
			isa = PBXContainerItemProxy;
			containerPortal = F4E77CC81FAC8123007FCAA4 /* Project object */;
			proxyType = 1;
			remoteGlobalIDString = F4E77CCF1FAC8123007FCAA4;
			remoteInfo = PeleMedicalCenter;
		};
		F4E77CF21FAC8123007FCAA4 /* PBXContainerItemProxy */ = {
			isa = PBXContainerItemProxy;
			containerPortal = F4E77CC81FAC8123007FCAA4 /* Project object */;
			proxyType = 1;
			remoteGlobalIDString = F4E77CCF1FAC8123007FCAA4;
			remoteInfo = PeleMedicalCenter;
		};
/* End PBXContainerItemProxy section */

/* Begin PBXFileReference section */
		0DB50B138F7A67E5884FB0C2 /* Pods_PeleMedicalCenterTests.framework */ = {isa = PBXFileReference; explicitFileType = wrapper.framework; includeInIndex = 0; path = Pods_PeleMedicalCenterTests.framework; sourceTree = BUILT_PRODUCTS_DIR; };
		497EEEC640CEFA0EA6253883 /* Pods_PeleMedicalCenterUITests.framework */ = {isa = PBXFileReference; explicitFileType = wrapper.framework; includeInIndex = 0; path = Pods_PeleMedicalCenterUITests.framework; sourceTree = BUILT_PRODUCTS_DIR; };
		74E87010147BBE363C34A516 /* Pods-PeleMedicalCenterTests.debug.xcconfig */ = {isa = PBXFileReference; includeInIndex = 1; lastKnownFileType = text.xcconfig; name = "Pods-PeleMedicalCenterTests.debug.xcconfig"; path = "Pods/Target Support Files/Pods-PeleMedicalCenterTests/Pods-PeleMedicalCenterTests.debug.xcconfig"; sourceTree = "<group>"; };
		98FD749048AFAE9A51551EC1 /* Pods-PeleMedicalCenterTests.release.xcconfig */ = {isa = PBXFileReference; includeInIndex = 1; lastKnownFileType = text.xcconfig; name = "Pods-PeleMedicalCenterTests.release.xcconfig"; path = "Pods/Target Support Files/Pods-PeleMedicalCenterTests/Pods-PeleMedicalCenterTests.release.xcconfig"; sourceTree = "<group>"; };
		A91076BCC42E83DE4A781ED3 /* Pods-PeleMedicalCenter.release.xcconfig */ = {isa = PBXFileReference; includeInIndex = 1; lastKnownFileType = text.xcconfig; name = "Pods-PeleMedicalCenter.release.xcconfig"; path = "Pods/Target Support Files/Pods-PeleMedicalCenter/Pods-PeleMedicalCenter.release.xcconfig"; sourceTree = "<group>"; };
		ADAECA25CB8DD834CC940B3A /* Pods_PeleMedicalCenter.framework */ = {isa = PBXFileReference; explicitFileType = wrapper.framework; includeInIndex = 0; path = Pods_PeleMedicalCenter.framework; sourceTree = BUILT_PRODUCTS_DIR; };
		E060FFB3490A726638BB1E9B /* Pods-PeleMedicalCenterUITests.release.xcconfig */ = {isa = PBXFileReference; includeInIndex = 1; lastKnownFileType = text.xcconfig; name = "Pods-PeleMedicalCenterUITests.release.xcconfig"; path = "Pods/Target Support Files/Pods-PeleMedicalCenterUITests/Pods-PeleMedicalCenterUITests.release.xcconfig"; sourceTree = "<group>"; };
		EA1977D91BE07882626474EB /* Pods-PeleMedicalCenterUITests.debug.xcconfig */ = {isa = PBXFileReference; includeInIndex = 1; lastKnownFileType = text.xcconfig; name = "Pods-PeleMedicalCenterUITests.debug.xcconfig"; path = "Pods/Target Support Files/Pods-PeleMedicalCenterUITests/Pods-PeleMedicalCenterUITests.debug.xcconfig"; sourceTree = "<group>"; };
		F45AFF3C1FBB5FD9007D1E57 /* FilterViewController.swift */ = {isa = PBXFileReference; lastKnownFileType = sourcecode.swift; path = FilterViewController.swift; sourceTree = "<group>"; };
		F45AFF3E1FBB7437007D1E57 /* SpecialtyCollectionViewCell.swift */ = {isa = PBXFileReference; lastKnownFileType = sourcecode.swift; path = SpecialtyCollectionViewCell.swift; sourceTree = "<group>"; };
		F45AFF3F1FBB7437007D1E57 /* SpecialtyCollectionViewCell.xib */ = {isa = PBXFileReference; lastKnownFileType = file.xib; path = SpecialtyCollectionViewCell.xib; sourceTree = "<group>"; };
		F45AFF421FBCDCB4007D1E57 /* MedicDetailViewController.swift */ = {isa = PBXFileReference; lastKnownFileType = sourcecode.swift; path = MedicDetailViewController.swift; sourceTree = "<group>"; };
		F45AFF461FBCFAAF007D1E57 /* TimeCollectionViewCell.swift */ = {isa = PBXFileReference; lastKnownFileType = sourcecode.swift; path = TimeCollectionViewCell.swift; sourceTree = "<group>"; };
		F45AFF471FBCFAAF007D1E57 /* TimeCollectionViewCell.xib */ = {isa = PBXFileReference; lastKnownFileType = file.xib; path = TimeCollectionViewCell.xib; sourceTree = "<group>"; };
		F45AFF4B1FBD16A0007D1E57 /* CoreDataPatientModel.xcdatamodel */ = {isa = PBXFileReference; lastKnownFileType = wrapper.xcdatamodel; path = CoreDataPatientModel.xcdatamodel; sourceTree = "<group>"; };
		F45AFF4D1FBD1B86007D1E57 /* PatientRecordViewController.swift */ = {isa = PBXFileReference; lastKnownFileType = sourcecode.swift; path = PatientRecordViewController.swift; sourceTree = "<group>"; };
		F45AFF701FBD1F61007D1E57 /* PatientListViewController.swift */ = {isa = PBXFileReference; lastKnownFileType = sourcecode.swift; path = PatientListViewController.swift; sourceTree = "<group>"; };
		F45AFF731FBD24A0007D1E57 /* PatientModel.swift */ = {isa = PBXFileReference; lastKnownFileType = sourcecode.swift; path = PatientModel.swift; sourceTree = "<group>"; };
		F45AFF751FBD2882007D1E57 /* PatientTableViewCell.swift */ = {isa = PBXFileReference; lastKnownFileType = sourcecode.swift; path = PatientTableViewCell.swift; sourceTree = "<group>"; };
		F45AFF761FBD2882007D1E57 /* PatientTableViewCell.xib */ = {isa = PBXFileReference; lastKnownFileType = file.xib; path = PatientTableViewCell.xib; sourceTree = "<group>"; };
		F465C7FF1FBDE3CE00321A99 /* PaymentTableViewCell.swift */ = {isa = PBXFileReference; lastKnownFileType = sourcecode.swift; path = PaymentTableViewCell.swift; sourceTree = "<group>"; };
		F465C8001FBDE3CE00321A99 /* PaymentTableViewCell.xib */ = {isa = PBXFileReference; lastKnownFileType = file.xib; path = PaymentTableViewCell.xib; sourceTree = "<group>"; };
		F465C8031FBDE50400321A99 /* PaymentViewController.swift */ = {isa = PBXFileReference; lastKnownFileType = sourcecode.swift; path = PaymentViewController.swift; sourceTree = "<group>"; };
		F46C87AB1FAF402F00596DE5 /* ScheduleTableViewCell.swift */ = {isa = PBXFileReference; lastKnownFileType = sourcecode.swift; path = ScheduleTableViewCell.swift; sourceTree = "<group>"; };
		F46C87AC1FAF402F00596DE5 /* ScheduleTableViewCell.xib */ = {isa = PBXFileReference; lastKnownFileType = file.xib; path = ScheduleTableViewCell.xib; sourceTree = "<group>"; };
		F47F54111FADFBD800D1A336 /* MedicTableViewCell.swift */ = {isa = PBXFileReference; lastKnownFileType = sourcecode.swift; path = MedicTableViewCell.swift; sourceTree = "<group>"; };
		F47F54121FADFBD800D1A336 /* MedicTableViewCell.xib */ = {isa = PBXFileReference; lastKnownFileType = file.xib; path = MedicTableViewCell.xib; sourceTree = "<group>"; };
		F4973E191FBE3CBE00B2655F /* DesignableView.swift */ = {isa = PBXFileReference; lastKnownFileType = sourcecode.swift; path = DesignableView.swift; sourceTree = "<group>"; };
		F4973E1B1FBE3EDF00B2655F /* ScheduleFinalDetailsViewController.swift */ = {isa = PBXFileReference; lastKnownFileType = sourcecode.swift; path = ScheduleFinalDetailsViewController.swift; sourceTree = "<group>"; };
		F4B78A6E1FBB321800490C1D /* Alamofire-alamofire5 */ = {isa = PBXFileReference; lastKnownFileType = folder; name = "Alamofire-alamofire5"; path = "../../../../Downloads/Alamofire-alamofire5"; sourceTree = "<group>"; };
		F4E77CD01FAC8123007FCAA4 /* PeleMedicalCenter.app */ = {isa = PBXFileReference; explicitFileType = wrapper.application; includeInIndex = 0; path = PeleMedicalCenter.app; sourceTree = BUILT_PRODUCTS_DIR; };
		F4E77CD31FAC8123007FCAA4 /* AppDelegate.swift */ = {isa = PBXFileReference; lastKnownFileType = sourcecode.swift; path = AppDelegate.swift; sourceTree = "<group>"; };
		F4E77CD51FAC8123007FCAA4 /* MedicViewController.swift */ = {isa = PBXFileReference; lastKnownFileType = sourcecode.swift; path = MedicViewController.swift; sourceTree = "<group>"; };
		F4E77CD71FAC8123007FCAA4 /* ScheduleViewController.swift */ = {isa = PBXFileReference; lastKnownFileType = sourcecode.swift; path = ScheduleViewController.swift; sourceTree = "<group>"; };
		F4E77CDA1FAC8123007FCAA4 /* Base */ = {isa = PBXFileReference; lastKnownFileType = file.storyboard; name = Base; path = Base.lproj/Main.storyboard; sourceTree = "<group>"; };
		F4E77CDC1FAC8123007FCAA4 /* Assets.xcassets */ = {isa = PBXFileReference; lastKnownFileType = folder.assetcatalog; path = Assets.xcassets; sourceTree = "<group>"; };
		F4E77CDF1FAC8123007FCAA4 /* Base */ = {isa = PBXFileReference; lastKnownFileType = file.storyboard; name = Base; path = Base.lproj/LaunchScreen.storyboard; sourceTree = "<group>"; };
		F4E77CE11FAC8123007FCAA4 /* Info.plist */ = {isa = PBXFileReference; lastKnownFileType = text.plist.xml; path = Info.plist; sourceTree = "<group>"; };
		F4E77CE61FAC8123007FCAA4 /* PeleMedicalCenterTests.xctest */ = {isa = PBXFileReference; explicitFileType = wrapper.cfbundle; includeInIndex = 0; path = PeleMedicalCenterTests.xctest; sourceTree = BUILT_PRODUCTS_DIR; };
		F4E77CEA1FAC8123007FCAA4 /* PeleMedicalCenterTests.swift */ = {isa = PBXFileReference; lastKnownFileType = sourcecode.swift; path = PeleMedicalCenterTests.swift; sourceTree = "<group>"; };
		F4E77CEC1FAC8123007FCAA4 /* Info.plist */ = {isa = PBXFileReference; lastKnownFileType = text.plist.xml; path = Info.plist; sourceTree = "<group>"; };
		F4E77CF11FAC8123007FCAA4 /* PeleMedicalCenterUITests.xctest */ = {isa = PBXFileReference; explicitFileType = wrapper.cfbundle; includeInIndex = 0; path = PeleMedicalCenterUITests.xctest; sourceTree = BUILT_PRODUCTS_DIR; };
		F4E77CF51FAC8123007FCAA4 /* PeleMedicalCenterUITests.swift */ = {isa = PBXFileReference; lastKnownFileType = sourcecode.swift; path = PeleMedicalCenterUITests.swift; sourceTree = "<group>"; };
		F4E77CF71FAC8123007FCAA4 /* Info.plist */ = {isa = PBXFileReference; lastKnownFileType = text.plist.xml; path = Info.plist; sourceTree = "<group>"; };
		FE5D79047CB7A63D2CE9E5D0 /* Pods-PeleMedicalCenter.debug.xcconfig */ = {isa = PBXFileReference; includeInIndex = 1; lastKnownFileType = text.xcconfig; name = "Pods-PeleMedicalCenter.debug.xcconfig"; path = "Pods/Target Support Files/Pods-PeleMedicalCenter/Pods-PeleMedicalCenter.debug.xcconfig"; sourceTree = "<group>"; };
/* End PBXFileReference section */

/* Begin PBXFrameworksBuildPhase section */
		F4E77CCD1FAC8123007FCAA4 /* Frameworks */ = {
			isa = PBXFrameworksBuildPhase;
			buildActionMask = 2147483647;
			files = (
				6C9B93EBA7CA40EB4839EE9B /* Pods_PeleMedicalCenter.framework in Frameworks */,
			);
			runOnlyForDeploymentPostprocessing = 0;
		};
		F4E77CE31FAC8123007FCAA4 /* Frameworks */ = {
			isa = PBXFrameworksBuildPhase;
			buildActionMask = 2147483647;
			files = (
				8269B67A296AEEC135B73CDC /* Pods_PeleMedicalCenterTests.framework in Frameworks */,
			);
			runOnlyForDeploymentPostprocessing = 0;
		};
		F4E77CEE1FAC8123007FCAA4 /* Frameworks */ = {
			isa = PBXFrameworksBuildPhase;
			buildActionMask = 2147483647;
			files = (
				CD079EE7806374518FB4264F /* Pods_PeleMedicalCenterUITests.framework in Frameworks */,
			);
			runOnlyForDeploymentPostprocessing = 0;
		};
/* End PBXFrameworksBuildPhase section */

/* Begin PBXGroup section */
		A6A56E520B19DA36001191DE /* Frameworks */ = {
			isa = PBXGroup;
			children = (
				F4B78A6E1FBB321800490C1D /* Alamofire-alamofire5 */,
				ADAECA25CB8DD834CC940B3A /* Pods_PeleMedicalCenter.framework */,
				0DB50B138F7A67E5884FB0C2 /* Pods_PeleMedicalCenterTests.framework */,
				497EEEC640CEFA0EA6253883 /* Pods_PeleMedicalCenterUITests.framework */,
			);
			name = Frameworks;
			sourceTree = "<group>";
		};
		C7208D0F8BFE268F1647D1C7 /* Pods */ = {
			isa = PBXGroup;
			children = (
				FE5D79047CB7A63D2CE9E5D0 /* Pods-PeleMedicalCenter.debug.xcconfig */,
				A91076BCC42E83DE4A781ED3 /* Pods-PeleMedicalCenter.release.xcconfig */,
				74E87010147BBE363C34A516 /* Pods-PeleMedicalCenterTests.debug.xcconfig */,
				98FD749048AFAE9A51551EC1 /* Pods-PeleMedicalCenterTests.release.xcconfig */,
				EA1977D91BE07882626474EB /* Pods-PeleMedicalCenterUITests.debug.xcconfig */,
				E060FFB3490A726638BB1E9B /* Pods-PeleMedicalCenterUITests.release.xcconfig */,
			);
			name = Pods;
			sourceTree = "<group>";
		};
		F45AFF721FBD243F007D1E57 /* Model */ = {
			isa = PBXGroup;
			children = (
				F45AFF731FBD24A0007D1E57 /* PatientModel.swift */,
			);
			path = Model;
			sourceTree = "<group>";
		};
		F47F54101FADFBB500D1A336 /* Cells */ = {
			isa = PBXGroup;
			children = (
				F47F54111FADFBD800D1A336 /* MedicTableViewCell.swift */,
				F47F54121FADFBD800D1A336 /* MedicTableViewCell.xib */,
				F46C87AB1FAF402F00596DE5 /* ScheduleTableViewCell.swift */,
				F46C87AC1FAF402F00596DE5 /* ScheduleTableViewCell.xib */,
				F45AFF3E1FBB7437007D1E57 /* SpecialtyCollectionViewCell.swift */,
				F45AFF3F1FBB7437007D1E57 /* SpecialtyCollectionViewCell.xib */,
				F45AFF461FBCFAAF007D1E57 /* TimeCollectionViewCell.swift */,
				F45AFF471FBCFAAF007D1E57 /* TimeCollectionViewCell.xib */,
				F45AFF751FBD2882007D1E57 /* PatientTableViewCell.swift */,
				F45AFF761FBD2882007D1E57 /* PatientTableViewCell.xib */,
				F465C7FF1FBDE3CE00321A99 /* PaymentTableViewCell.swift */,
				F465C8001FBDE3CE00321A99 /* PaymentTableViewCell.xib */,
			);
			path = Cells;
			sourceTree = "<group>";
		};
		F4973E181FBE3C9F00B2655F /* Component */ = {
			isa = PBXGroup;
			children = (
				F4973E191FBE3CBE00B2655F /* DesignableView.swift */,
			);
			path = Component;
			sourceTree = "<group>";
		};
		F4E77CC71FAC8123007FCAA4 = {
			isa = PBXGroup;
			children = (
				F4E77CD21FAC8123007FCAA4 /* PeleMedicalCenter */,
				F4E77CE91FAC8123007FCAA4 /* PeleMedicalCenterTests */,
				F4E77CF41FAC8123007FCAA4 /* PeleMedicalCenterUITests */,
				F4E77CD11FAC8123007FCAA4 /* Products */,
				C7208D0F8BFE268F1647D1C7 /* Pods */,
				A6A56E520B19DA36001191DE /* Frameworks */,
			);
			sourceTree = "<group>";
		};
		F4E77CD11FAC8123007FCAA4 /* Products */ = {
			isa = PBXGroup;
			children = (
				F4E77CD01FAC8123007FCAA4 /* PeleMedicalCenter.app */,
				F4E77CE61FAC8123007FCAA4 /* PeleMedicalCenterTests.xctest */,
				F4E77CF11FAC8123007FCAA4 /* PeleMedicalCenterUITests.xctest */,
			);
			name = Products;
			sourceTree = "<group>";
		};
		F4E77CD21FAC8123007FCAA4 /* PeleMedicalCenter */ = {
			isa = PBXGroup;
			children = (
				F4973E181FBE3C9F00B2655F /* Component */,
				F45AFF721FBD243F007D1E57 /* Model */,
				F47F54101FADFBB500D1A336 /* Cells */,
				F4E77CD31FAC8123007FCAA4 /* AppDelegate.swift */,
				F4E77CD51FAC8123007FCAA4 /* MedicViewController.swift */,
				F465C8031FBDE50400321A99 /* PaymentViewController.swift */,
				F4973E1B1FBE3EDF00B2655F /* ScheduleFinalDetailsViewController.swift */,
				F45AFF421FBCDCB4007D1E57 /* MedicDetailViewController.swift */,
				F45AFF4D1FBD1B86007D1E57 /* PatientRecordViewController.swift */,
				F45AFF701FBD1F61007D1E57 /* PatientListViewController.swift */,
				F45AFF3C1FBB5FD9007D1E57 /* FilterViewController.swift */,
				F4E77CD71FAC8123007FCAA4 /* ScheduleViewController.swift */,
				F4E77CD91FAC8123007FCAA4 /* Main.storyboard */,
				F4E77CDE1FAC8123007FCAA4 /* LaunchScreen.storyboard */,
				F4E77CDC1FAC8123007FCAA4 /* Assets.xcassets */,
				F4E77CE11FAC8123007FCAA4 /* Info.plist */,
				F45AFF4A1FBD16A0007D1E57 /* CoreDataPatientModel.xcdatamodeld */,
			);
			path = PeleMedicalCenter;
			sourceTree = "<group>";
		};
		F4E77CE91FAC8123007FCAA4 /* PeleMedicalCenterTests */ = {
			isa = PBXGroup;
			children = (
				F4E77CEA1FAC8123007FCAA4 /* PeleMedicalCenterTests.swift */,
				F4E77CEC1FAC8123007FCAA4 /* Info.plist */,
			);
			path = PeleMedicalCenterTests;
			sourceTree = "<group>";
		};
		F4E77CF41FAC8123007FCAA4 /* PeleMedicalCenterUITests */ = {
			isa = PBXGroup;
			children = (
				F4E77CF51FAC8123007FCAA4 /* PeleMedicalCenterUITests.swift */,
				F4E77CF71FAC8123007FCAA4 /* Info.plist */,
			);
			path = PeleMedicalCenterUITests;
			sourceTree = "<group>";
		};
/* End PBXGroup section */

/* Begin PBXNativeTarget section */
		F4E77CCF1FAC8123007FCAA4 /* PeleMedicalCenter */ = {
			isa = PBXNativeTarget;
			buildConfigurationList = F4E77CFA1FAC8123007FCAA4 /* Build configuration list for PBXNativeTarget "PeleMedicalCenter" */;
			buildPhases = (
				0A86C95441CEFAF26E950002 /* [CP] Check Pods Manifest.lock */,
				F4E77CCC1FAC8123007FCAA4 /* Sources */,
				F4E77CCD1FAC8123007FCAA4 /* Frameworks */,
				F4E77CCE1FAC8123007FCAA4 /* Resources */,
				E6B8C9A75245BC90A3CEAB23 /* [CP] Embed Pods Frameworks */,
				130F5B0F34840759ED7580F9 /* [CP] Copy Pods Resources */,
			);
			buildRules = (
			);
			dependencies = (
			);
			name = PeleMedicalCenter;
			productName = PeleMedicalCenter;
			productReference = F4E77CD01FAC8123007FCAA4 /* PeleMedicalCenter.app */;
			productType = "com.apple.product-type.application";
		};
		F4E77CE51FAC8123007FCAA4 /* PeleMedicalCenterTests */ = {
			isa = PBXNativeTarget;
			buildConfigurationList = F4E77CFD1FAC8123007FCAA4 /* Build configuration list for PBXNativeTarget "PeleMedicalCenterTests" */;
			buildPhases = (
				67D7D129746D08AC400534DA /* [CP] Check Pods Manifest.lock */,
				F4E77CE21FAC8123007FCAA4 /* Sources */,
				F4E77CE31FAC8123007FCAA4 /* Frameworks */,
				F4E77CE41FAC8123007FCAA4 /* Resources */,
				F097C65AC9DC06260A3DFFD2 /* [CP] Embed Pods Frameworks */,
				668F33B99682E82DC08EE0B7 /* [CP] Copy Pods Resources */,
			);
			buildRules = (
			);
			dependencies = (
				F4E77CE81FAC8123007FCAA4 /* PBXTargetDependency */,
			);
			name = PeleMedicalCenterTests;
			productName = PeleMedicalCenterTests;
			productReference = F4E77CE61FAC8123007FCAA4 /* PeleMedicalCenterTests.xctest */;
			productType = "com.apple.product-type.bundle.unit-test";
		};
		F4E77CF01FAC8123007FCAA4 /* PeleMedicalCenterUITests */ = {
			isa = PBXNativeTarget;
			buildConfigurationList = F4E77D001FAC8123007FCAA4 /* Build configuration list for PBXNativeTarget "PeleMedicalCenterUITests" */;
			buildPhases = (
				6AC56484E26B411F0E0DBF4F /* [CP] Check Pods Manifest.lock */,
				F4E77CED1FAC8123007FCAA4 /* Sources */,
				F4E77CEE1FAC8123007FCAA4 /* Frameworks */,
				F4E77CEF1FAC8123007FCAA4 /* Resources */,
				2750CC0899F753F17785F7CC /* [CP] Embed Pods Frameworks */,
				5A85219E8F4B1B1EF663DF90 /* [CP] Copy Pods Resources */,
			);
			buildRules = (
			);
			dependencies = (
				F4E77CF31FAC8123007FCAA4 /* PBXTargetDependency */,
			);
			name = PeleMedicalCenterUITests;
			productName = PeleMedicalCenterUITests;
			productReference = F4E77CF11FAC8123007FCAA4 /* PeleMedicalCenterUITests.xctest */;
			productType = "com.apple.product-type.bundle.ui-testing";
		};
/* End PBXNativeTarget section */

/* Begin PBXProject section */
		F4E77CC81FAC8123007FCAA4 /* Project object */ = {
			isa = PBXProject;
			attributes = {
				LastSwiftUpdateCheck = 0900;
				LastUpgradeCheck = 0900;
				ORGANIZATIONNAME = Mobway;
				TargetAttributes = {
					F4E77CCF1FAC8123007FCAA4 = {
						CreatedOnToolsVersion = 9.0;
						ProvisioningStyle = Automatic;
					};
					F4E77CE51FAC8123007FCAA4 = {
						CreatedOnToolsVersion = 9.0;
						ProvisioningStyle = Automatic;
						TestTargetID = F4E77CCF1FAC8123007FCAA4;
					};
					F4E77CF01FAC8123007FCAA4 = {
						CreatedOnToolsVersion = 9.0;
						ProvisioningStyle = Automatic;
						TestTargetID = F4E77CCF1FAC8123007FCAA4;
					};
				};
			};
			buildConfigurationList = F4E77CCB1FAC8123007FCAA4 /* Build configuration list for PBXProject "PeleMedicalCenter" */;
			compatibilityVersion = "Xcode 8.0";
			developmentRegion = en;
			hasScannedForEncodings = 0;
			knownRegions = (
				en,
				Base,
			);
			mainGroup = F4E77CC71FAC8123007FCAA4;
			productRefGroup = F4E77CD11FAC8123007FCAA4 /* Products */;
			projectDirPath = "";
			projectRoot = "";
			targets = (
				F4E77CCF1FAC8123007FCAA4 /* PeleMedicalCenter */,
				F4E77CE51FAC8123007FCAA4 /* PeleMedicalCenterTests */,
				F4E77CF01FAC8123007FCAA4 /* PeleMedicalCenterUITests */,
			);
		};
/* End PBXProject section */

/* Begin PBXResourcesBuildPhase section */
		F4E77CCE1FAC8123007FCAA4 /* Resources */ = {
			isa = PBXResourcesBuildPhase;
			buildActionMask = 2147483647;
			files = (
				F465C8021FBDE3CE00321A99 /* PaymentTableViewCell.xib in Resources */,
				F47F54141FADFBD800D1A336 /* MedicTableViewCell.xib in Resources */,
				F45AFF781FBD2882007D1E57 /* PatientTableViewCell.xib in Resources */,
				F45AFF411FBB7437007D1E57 /* SpecialtyCollectionViewCell.xib in Resources */,
				F4E77CE01FAC8123007FCAA4 /* LaunchScreen.storyboard in Resources */,
				F4E77CDD1FAC8123007FCAA4 /* Assets.xcassets in Resources */,
				F4E77CDB1FAC8123007FCAA4 /* Main.storyboard in Resources */,
				F46C87AE1FAF402F00596DE5 /* ScheduleTableViewCell.xib in Resources */,
				F45AFF491FBCFAAF007D1E57 /* TimeCollectionViewCell.xib in Resources */,
			);
			runOnlyForDeploymentPostprocessing = 0;
		};
		F4E77CE41FAC8123007FCAA4 /* Resources */ = {
			isa = PBXResourcesBuildPhase;
			buildActionMask = 2147483647;
			files = (
			);
			runOnlyForDeploymentPostprocessing = 0;
		};
		F4E77CEF1FAC8123007FCAA4 /* Resources */ = {
			isa = PBXResourcesBuildPhase;
			buildActionMask = 2147483647;
			files = (
			);
			runOnlyForDeploymentPostprocessing = 0;
		};
/* End PBXResourcesBuildPhase section */

/* Begin PBXShellScriptBuildPhase section */
		0A86C95441CEFAF26E950002 /* [CP] Check Pods Manifest.lock */ = {
			isa = PBXShellScriptBuildPhase;
			buildActionMask = 2147483647;
			files = (
			);
			inputPaths = (
				"${PODS_PODFILE_DIR_PATH}/Podfile.lock",
				"${PODS_ROOT}/Manifest.lock",
			);
			name = "[CP] Check Pods Manifest.lock";
			outputPaths = (
				"$(DERIVED_FILE_DIR)/Pods-PeleMedicalCenter-checkManifestLockResult.txt",
			);
			runOnlyForDeploymentPostprocessing = 0;
			shellPath = /bin/sh;
			shellScript = "diff \"${PODS_PODFILE_DIR_PATH}/Podfile.lock\" \"${PODS_ROOT}/Manifest.lock\" > /dev/null\nif [ $? != 0 ] ; then\n    # print error to STDERR\n    echo \"error: The sandbox is not in sync with the Podfile.lock. Run 'pod install' or update your CocoaPods installation.\" >&2\n    exit 1\nfi\n# This output is used by Xcode 'outputs' to avoid re-running this script phase.\necho \"SUCCESS\" > \"${SCRIPT_OUTPUT_FILE_0}\"\n";
			showEnvVarsInLog = 0;
		};
		130F5B0F34840759ED7580F9 /* [CP] Copy Pods Resources */ = {
			isa = PBXShellScriptBuildPhase;
			buildActionMask = 2147483647;
			files = (
			);
			inputPaths = (
			);
			name = "[CP] Copy Pods Resources";
			outputPaths = (
			);
			runOnlyForDeploymentPostprocessing = 0;
			shellPath = /bin/sh;
			shellScript = "\"${SRCROOT}/Pods/Target Support Files/Pods-PeleMedicalCenter/Pods-PeleMedicalCenter-resources.sh\"\n";
			showEnvVarsInLog = 0;
		};
		2750CC0899F753F17785F7CC /* [CP] Embed Pods Frameworks */ = {
			isa = PBXShellScriptBuildPhase;
			buildActionMask = 2147483647;
			files = (
			);
			inputPaths = (
			);
			name = "[CP] Embed Pods Frameworks";
			outputPaths = (
			);
			runOnlyForDeploymentPostprocessing = 0;
			shellPath = /bin/sh;
			shellScript = "\"${SRCROOT}/Pods/Target Support Files/Pods-PeleMedicalCenterUITests/Pods-PeleMedicalCenterUITests-frameworks.sh\"\n";
			showEnvVarsInLog = 0;
		};
		5A85219E8F4B1B1EF663DF90 /* [CP] Copy Pods Resources */ = {
			isa = PBXShellScriptBuildPhase;
			buildActionMask = 2147483647;
			files = (
			);
			inputPaths = (
			);
			name = "[CP] Copy Pods Resources";
			outputPaths = (
			);
			runOnlyForDeploymentPostprocessing = 0;
			shellPath = /bin/sh;
			shellScript = "\"${SRCROOT}/Pods/Target Support Files/Pods-PeleMedicalCenterUITests/Pods-PeleMedicalCenterUITests-resources.sh\"\n";
			showEnvVarsInLog = 0;
		};
		668F33B99682E82DC08EE0B7 /* [CP] Copy Pods Resources */ = {
			isa = PBXShellScriptBuildPhase;
			buildActionMask = 2147483647;
			files = (
			);
			inputPaths = (
			);
			name = "[CP] Copy Pods Resources";
			outputPaths = (
			);
			runOnlyForDeploymentPostprocessing = 0;
			shellPath = /bin/sh;
			shellScript = "\"${SRCROOT}/Pods/Target Support Files/Pods-PeleMedicalCenterTests/Pods-PeleMedicalCenterTests-resources.sh\"\n";
			showEnvVarsInLog = 0;
		};
		67D7D129746D08AC400534DA /* [CP] Check Pods Manifest.lock */ = {
			isa = PBXShellScriptBuildPhase;
			buildActionMask = 2147483647;
			files = (
			);
			inputPaths = (
				"${PODS_PODFILE_DIR_PATH}/Podfile.lock",
				"${PODS_ROOT}/Manifest.lock",
			);
			name = "[CP] Check Pods Manifest.lock";
			outputPaths = (
				"$(DERIVED_FILE_DIR)/Pods-PeleMedicalCenterTests-checkManifestLockResult.txt",
			);
			runOnlyForDeploymentPostprocessing = 0;
			shellPath = /bin/sh;
			shellScript = "diff \"${PODS_PODFILE_DIR_PATH}/Podfile.lock\" \"${PODS_ROOT}/Manifest.lock\" > /dev/null\nif [ $? != 0 ] ; then\n    # print error to STDERR\n    echo \"error: The sandbox is not in sync with the Podfile.lock. Run 'pod install' or update your CocoaPods installation.\" >&2\n    exit 1\nfi\n# This output is used by Xcode 'outputs' to avoid re-running this script phase.\necho \"SUCCESS\" > \"${SCRIPT_OUTPUT_FILE_0}\"\n";
			showEnvVarsInLog = 0;
		};
		6AC56484E26B411F0E0DBF4F /* [CP] Check Pods Manifest.lock */ = {
			isa = PBXShellScriptBuildPhase;
			buildActionMask = 2147483647;
			files = (
			);
			inputPaths = (
				"${PODS_PODFILE_DIR_PATH}/Podfile.lock",
				"${PODS_ROOT}/Manifest.lock",
			);
			name = "[CP] Check Pods Manifest.lock";
			outputPaths = (
				"$(DERIVED_FILE_DIR)/Pods-PeleMedicalCenterUITests-checkManifestLockResult.txt",
			);
			runOnlyForDeploymentPostprocessing = 0;
			shellPath = /bin/sh;
			shellScript = "diff \"${PODS_PODFILE_DIR_PATH}/Podfile.lock\" \"${PODS_ROOT}/Manifest.lock\" > /dev/null\nif [ $? != 0 ] ; then\n    # print error to STDERR\n    echo \"error: The sandbox is not in sync with the Podfile.lock. Run 'pod install' or update your CocoaPods installation.\" >&2\n    exit 1\nfi\n# This output is used by Xcode 'outputs' to avoid re-running this script phase.\necho \"SUCCESS\" > \"${SCRIPT_OUTPUT_FILE_0}\"\n";
			showEnvVarsInLog = 0;
		};
		E6B8C9A75245BC90A3CEAB23 /* [CP] Embed Pods Frameworks */ = {
			isa = PBXShellScriptBuildPhase;
			buildActionMask = 2147483647;
			files = (
			);
			inputPaths = (
				"${SRCROOT}/Pods/Target Support Files/Pods-PeleMedicalCenter/Pods-PeleMedicalCenter-frameworks.sh",
				"${BUILT_PRODUCTS_DIR}/GoogleToolboxForMac/GoogleToolboxForMac.framework",
				"${BUILT_PRODUCTS_DIR}/nanopb/nanopb.framework",
			);
			name = "[CP] Embed Pods Frameworks";
			outputPaths = (
				"${TARGET_BUILD_DIR}/${FRAMEWORKS_FOLDER_PATH}/GoogleToolboxForMac.framework",
				"${TARGET_BUILD_DIR}/${FRAMEWORKS_FOLDER_PATH}/nanopb.framework",
			);
			runOnlyForDeploymentPostprocessing = 0;
			shellPath = /bin/sh;
			shellScript = "\"${SRCROOT}/Pods/Target Support Files/Pods-PeleMedicalCenter/Pods-PeleMedicalCenter-frameworks.sh\"\n";
			showEnvVarsInLog = 0;
		};
		F097C65AC9DC06260A3DFFD2 /* [CP] Embed Pods Frameworks */ = {
			isa = PBXShellScriptBuildPhase;
			buildActionMask = 2147483647;
			files = (
			);
			inputPaths = (
			);
			name = "[CP] Embed Pods Frameworks";
			outputPaths = (
			);
			runOnlyForDeploymentPostprocessing = 0;
			shellPath = /bin/sh;
			shellScript = "\"${SRCROOT}/Pods/Target Support Files/Pods-PeleMedicalCenterTests/Pods-PeleMedicalCenterTests-frameworks.sh\"\n";
			showEnvVarsInLog = 0;
		};
/* End PBXShellScriptBuildPhase section */

/* Begin PBXSourcesBuildPhase section */
		F4E77CCC1FAC8123007FCAA4 /* Sources */ = {
			isa = PBXSourcesBuildPhase;
			buildActionMask = 2147483647;
			files = (
				F45AFF431FBCDCB4007D1E57 /* MedicDetailViewController.swift in Sources */,
				F45AFF401FBB7437007D1E57 /* SpecialtyCollectionViewCell.swift in Sources */,
				F45AFF711FBD1F61007D1E57 /* PatientListViewController.swift in Sources */,
				F465C8041FBDE50400321A99 /* PaymentViewController.swift in Sources */,
				F45AFF741FBD24A0007D1E57 /* PatientModel.swift in Sources */,
				F45AFF4C1FBD16A0007D1E57 /* CoreDataPatientModel.xcdatamodeld in Sources */,
				F465C8011FBDE3CE00321A99 /* PaymentTableViewCell.swift in Sources */,
				F4973E1C1FBE3EDF00B2655F /* ScheduleFinalDetailsViewController.swift in Sources */,
				F45AFF3D1FBB5FD9007D1E57 /* FilterViewController.swift in Sources */,
				F47F54131FADFBD800D1A336 /* MedicTableViewCell.swift in Sources */,
				F45AFF481FBCFAAF007D1E57 /* TimeCollectionViewCell.swift in Sources */,
				F45AFF4E1FBD1B86007D1E57 /* PatientRecordViewController.swift in Sources */,
				F45AFF771FBD2882007D1E57 /* PatientTableViewCell.swift in Sources */,
				F46C87AD1FAF402F00596DE5 /* ScheduleTableViewCell.swift in Sources */,
				F4E77CD81FAC8123007FCAA4 /* ScheduleViewController.swift in Sources */,
				F4E77CD41FAC8123007FCAA4 /* AppDelegate.swift in Sources */,
				F4E77CD61FAC8123007FCAA4 /* MedicViewController.swift in Sources */,
				F4973E1A1FBE3CBE00B2655F /* DesignableView.swift in Sources */,
			);
			runOnlyForDeploymentPostprocessing = 0;
		};
		F4E77CE21FAC8123007FCAA4 /* Sources */ = {
			isa = PBXSourcesBuildPhase;
			buildActionMask = 2147483647;
			files = (
				F4E77CEB1FAC8123007FCAA4 /* PeleMedicalCenterTests.swift in Sources */,
			);
			runOnlyForDeploymentPostprocessing = 0;
		};
		F4E77CED1FAC8123007FCAA4 /* Sources */ = {
			isa = PBXSourcesBuildPhase;
			buildActionMask = 2147483647;
			files = (
				F4E77CF61FAC8123007FCAA4 /* PeleMedicalCenterUITests.swift in Sources */,
			);
			runOnlyForDeploymentPostprocessing = 0;
		};
/* End PBXSourcesBuildPhase section */

/* Begin PBXTargetDependency section */
		F4E77CE81FAC8123007FCAA4 /* PBXTargetDependency */ = {
			isa = PBXTargetDependency;
			target = F4E77CCF1FAC8123007FCAA4 /* PeleMedicalCenter */;
			targetProxy = F4E77CE71FAC8123007FCAA4 /* PBXContainerItemProxy */;
		};
		F4E77CF31FAC8123007FCAA4 /* PBXTargetDependency */ = {
			isa = PBXTargetDependency;
			target = F4E77CCF1FAC8123007FCAA4 /* PeleMedicalCenter */;
			targetProxy = F4E77CF21FAC8123007FCAA4 /* PBXContainerItemProxy */;
		};
/* End PBXTargetDependency section */

/* Begin PBXVariantGroup section */
		F4E77CD91FAC8123007FCAA4 /* Main.storyboard */ = {
			isa = PBXVariantGroup;
			children = (
				F4E77CDA1FAC8123007FCAA4 /* Base */,
			);
			name = Main.storyboard;
			sourceTree = "<group>";
		};
		F4E77CDE1FAC8123007FCAA4 /* LaunchScreen.storyboard */ = {
			isa = PBXVariantGroup;
			children = (
				F4E77CDF1FAC8123007FCAA4 /* Base */,
			);
			name = LaunchScreen.storyboard;
			sourceTree = "<group>";
		};
/* End PBXVariantGroup section */

/* Begin XCBuildConfiguration section */
		F4E77CF81FAC8123007FCAA4 /* Debug */ = {
			isa = XCBuildConfiguration;
			buildSettings = {
				ALWAYS_SEARCH_USER_PATHS = NO;
				CLANG_ANALYZER_NONNULL = YES;
				CLANG_ANALYZER_NUMBER_OBJECT_CONVERSION = YES_AGGRESSIVE;
				CLANG_CXX_LANGUAGE_STANDARD = "gnu++14";
				CLANG_CXX_LIBRARY = "libc++";
				CLANG_ENABLE_MODULES = YES;
				CLANG_ENABLE_OBJC_ARC = YES;
				CLANG_WARN_BLOCK_CAPTURE_AUTORELEASING = YES;
				CLANG_WARN_BOOL_CONVERSION = YES;
				CLANG_WARN_COMMA = YES;
				CLANG_WARN_CONSTANT_CONVERSION = YES;
				CLANG_WARN_DIRECT_OBJC_ISA_USAGE = YES_ERROR;
				CLANG_WARN_DOCUMENTATION_COMMENTS = YES;
				CLANG_WARN_EMPTY_BODY = YES;
				CLANG_WARN_ENUM_CONVERSION = YES;
				CLANG_WARN_INFINITE_RECURSION = YES;
				CLANG_WARN_INT_CONVERSION = YES;
				CLANG_WARN_NON_LITERAL_NULL_CONVERSION = YES;
				CLANG_WARN_OBJC_LITERAL_CONVERSION = YES;
				CLANG_WARN_OBJC_ROOT_CLASS = YES_ERROR;
				CLANG_WARN_RANGE_LOOP_ANALYSIS = YES;
				CLANG_WARN_STRICT_PROTOTYPES = YES;
				CLANG_WARN_SUSPICIOUS_MOVE = YES;
				CLANG_WARN_UNGUARDED_AVAILABILITY = YES_AGGRESSIVE;
				CLANG_WARN_UNREACHABLE_CODE = YES;
				CLANG_WARN__DUPLICATE_METHOD_MATCH = YES;
				CODE_SIGN_IDENTITY = "iPhone Developer";
				COPY_PHASE_STRIP = NO;
				DEBUG_INFORMATION_FORMAT = dwarf;
				ENABLE_STRICT_OBJC_MSGSEND = YES;
				ENABLE_TESTABILITY = YES;
				GCC_C_LANGUAGE_STANDARD = gnu11;
				GCC_DYNAMIC_NO_PIC = NO;
				GCC_NO_COMMON_BLOCKS = YES;
				GCC_OPTIMIZATION_LEVEL = 0;
				GCC_PREPROCESSOR_DEFINITIONS = (
					"DEBUG=1",
					"$(inherited)",
				);
				GCC_WARN_64_TO_32_BIT_CONVERSION = YES;
				GCC_WARN_ABOUT_RETURN_TYPE = YES_ERROR;
				GCC_WARN_UNDECLARED_SELECTOR = YES;
				GCC_WARN_UNINITIALIZED_AUTOS = YES_AGGRESSIVE;
				GCC_WARN_UNUSED_FUNCTION = YES;
				GCC_WARN_UNUSED_VARIABLE = YES;
				IPHONEOS_DEPLOYMENT_TARGET = 11.0;
				MTL_ENABLE_DEBUG_INFO = YES;
				ONLY_ACTIVE_ARCH = YES;
				SDKROOT = iphoneos;
				SWIFT_ACTIVE_COMPILATION_CONDITIONS = DEBUG;
				SWIFT_OPTIMIZATION_LEVEL = "-Onone";
			};
			name = Debug;
		};
		F4E77CF91FAC8123007FCAA4 /* Release */ = {
			isa = XCBuildConfiguration;
			buildSettings = {
				ALWAYS_SEARCH_USER_PATHS = NO;
				CLANG_ANALYZER_NONNULL = YES;
				CLANG_ANALYZER_NUMBER_OBJECT_CONVERSION = YES_AGGRESSIVE;
				CLANG_CXX_LANGUAGE_STANDARD = "gnu++14";
				CLANG_CXX_LIBRARY = "libc++";
				CLANG_ENABLE_MODULES = YES;
				CLANG_ENABLE_OBJC_ARC = YES;
				CLANG_WARN_BLOCK_CAPTURE_AUTORELEASING = YES;
				CLANG_WARN_BOOL_CONVERSION = YES;
				CLANG_WARN_COMMA = YES;
				CLANG_WARN_CONSTANT_CONVERSION = YES;
				CLANG_WARN_DIRECT_OBJC_ISA_USAGE = YES_ERROR;
				CLANG_WARN_DOCUMENTATION_COMMENTS = YES;
				CLANG_WARN_EMPTY_BODY = YES;
				CLANG_WARN_ENUM_CONVERSION = YES;
				CLANG_WARN_INFINITE_RECURSION = YES;
				CLANG_WARN_INT_CONVERSION = YES;
				CLANG_WARN_NON_LITERAL_NULL_CONVERSION = YES;
				CLANG_WARN_OBJC_LITERAL_CONVERSION = YES;
				CLANG_WARN_OBJC_ROOT_CLASS = YES_ERROR;
				CLANG_WARN_RANGE_LOOP_ANALYSIS = YES;
				CLANG_WARN_STRICT_PROTOTYPES = YES;
				CLANG_WARN_SUSPICIOUS_MOVE = YES;
				CLANG_WARN_UNGUARDED_AVAILABILITY = YES_AGGRESSIVE;
				CLANG_WARN_UNREACHABLE_CODE = YES;
				CLANG_WARN__DUPLICATE_METHOD_MATCH = YES;
				CODE_SIGN_IDENTITY = "iPhone Developer";
				COPY_PHASE_STRIP = NO;
				DEBUG_INFORMATION_FORMAT = "dwarf-with-dsym";
				ENABLE_NS_ASSERTIONS = NO;
				ENABLE_STRICT_OBJC_MSGSEND = YES;
				GCC_C_LANGUAGE_STANDARD = gnu11;
				GCC_NO_COMMON_BLOCKS = YES;
				GCC_WARN_64_TO_32_BIT_CONVERSION = YES;
				GCC_WARN_ABOUT_RETURN_TYPE = YES_ERROR;
				GCC_WARN_UNDECLARED_SELECTOR = YES;
				GCC_WARN_UNINITIALIZED_AUTOS = YES_AGGRESSIVE;
				GCC_WARN_UNUSED_FUNCTION = YES;
				GCC_WARN_UNUSED_VARIABLE = YES;
				IPHONEOS_DEPLOYMENT_TARGET = 11.0;
				MTL_ENABLE_DEBUG_INFO = NO;
				SDKROOT = iphoneos;
				SWIFT_OPTIMIZATION_LEVEL = "-Owholemodule";
				VALIDATE_PRODUCT = YES;
			};
			name = Release;
		};
		F4E77CFB1FAC8123007FCAA4 /* Debug */ = {
			isa = XCBuildConfiguration;
			baseConfigurationReference = FE5D79047CB7A63D2CE9E5D0 /* Pods-PeleMedicalCenter.debug.xcconfig */;
			buildSettings = {
				ASSETCATALOG_COMPILER_APPICON_NAME = AppIcon;
				CODE_SIGN_STYLE = Automatic;
				DEVELOPMENT_TEAM = T4H78CRT5T;
				INFOPLIST_FILE = PeleMedicalCenter/Info.plist;
				IPHONEOS_DEPLOYMENT_TARGET = 10.0;
				LD_RUNPATH_SEARCH_PATHS = "$(inherited) @executable_path/Frameworks";
				PRODUCT_BUNDLE_IDENTIFIER = com.mobway.pelemedicalcenter;
				PRODUCT_NAME = "$(TARGET_NAME)";
				SWIFT_VERSION = 4.0;
				TARGETED_DEVICE_FAMILY = 1;
			};
			name = Debug;
		};
		F4E77CFC1FAC8123007FCAA4 /* Release */ = {
			isa = XCBuildConfiguration;
			baseConfigurationReference = A91076BCC42E83DE4A781ED3 /* Pods-PeleMedicalCenter.release.xcconfig */;
			buildSettings = {
				ASSETCATALOG_COMPILER_APPICON_NAME = AppIcon;
				CODE_SIGN_STYLE = Automatic;
				DEVELOPMENT_TEAM = T4H78CRT5T;
				INFOPLIST_FILE = PeleMedicalCenter/Info.plist;
				IPHONEOS_DEPLOYMENT_TARGET = 10.0;
				LD_RUNPATH_SEARCH_PATHS = "$(inherited) @executable_path/Frameworks";
				PRODUCT_BUNDLE_IDENTIFIER = com.mobway.pelemedicalcenter;
				PRODUCT_NAME = "$(TARGET_NAME)";
				SWIFT_VERSION = 4.0;
				TARGETED_DEVICE_FAMILY = 1;
			};
			name = Release;
		};
		F4E77CFE1FAC8123007FCAA4 /* Debug */ = {
			isa = XCBuildConfiguration;
			baseConfigurationReference = 74E87010147BBE363C34A516 /* Pods-PeleMedicalCenterTests.debug.xcconfig */;
			buildSettings = {
				ALWAYS_EMBED_SWIFT_STANDARD_LIBRARIES = YES;
				BUNDLE_LOADER = "$(TEST_HOST)";
				CODE_SIGN_STYLE = Automatic;
				DEVELOPMENT_TEAM = T4H78CRT5T;
				INFOPLIST_FILE = PeleMedicalCenterTests/Info.plist;
				LD_RUNPATH_SEARCH_PATHS = "$(inherited) @executable_path/Frameworks @loader_path/Frameworks";
				PRODUCT_BUNDLE_IDENTIFIER = com.mobway.PeleMedicalCenterTests;
				PRODUCT_NAME = "$(TARGET_NAME)";
				SWIFT_VERSION = 4.0;
				TARGETED_DEVICE_FAMILY = "1,2";
				TEST_HOST = "$(BUILT_PRODUCTS_DIR)/PeleMedicalCenter.app/PeleMedicalCenter";
			};
			name = Debug;
		};
		F4E77CFF1FAC8123007FCAA4 /* Release */ = {
			isa = XCBuildConfiguration;
			baseConfigurationReference = 98FD749048AFAE9A51551EC1 /* Pods-PeleMedicalCenterTests.release.xcconfig */;
			buildSettings = {
				ALWAYS_EMBED_SWIFT_STANDARD_LIBRARIES = YES;
				BUNDLE_LOADER = "$(TEST_HOST)";
				CODE_SIGN_STYLE = Automatic;
				DEVELOPMENT_TEAM = T4H78CRT5T;
				INFOPLIST_FILE = PeleMedicalCenterTests/Info.plist;
				LD_RUNPATH_SEARCH_PATHS = "$(inherited) @executable_path/Frameworks @loader_path/Frameworks";
				PRODUCT_BUNDLE_IDENTIFIER = com.mobway.PeleMedicalCenterTests;
				PRODUCT_NAME = "$(TARGET_NAME)";
				SWIFT_VERSION = 4.0;
				TARGETED_DEVICE_FAMILY = "1,2";
				TEST_HOST = "$(BUILT_PRODUCTS_DIR)/PeleMedicalCenter.app/PeleMedicalCenter";
			};
			name = Release;
		};
		F4E77D011FAC8123007FCAA4 /* Debug */ = {
			isa = XCBuildConfiguration;
			baseConfigurationReference = EA1977D91BE07882626474EB /* Pods-PeleMedicalCenterUITests.debug.xcconfig */;
			buildSettings = {
				ALWAYS_EMBED_SWIFT_STANDARD_LIBRARIES = YES;
				CODE_SIGN_STYLE = Automatic;
				DEVELOPMENT_TEAM = T4H78CRT5T;
				INFOPLIST_FILE = PeleMedicalCenterUITests/Info.plist;
				LD_RUNPATH_SEARCH_PATHS = "$(inherited) @executable_path/Frameworks @loader_path/Frameworks";
				PRODUCT_BUNDLE_IDENTIFIER = com.mobway.PeleMedicalCenterUITests;
				PRODUCT_NAME = "$(TARGET_NAME)";
				SWIFT_VERSION = 4.0;
				TARGETED_DEVICE_FAMILY = "1,2";
				TEST_TARGET_NAME = PeleMedicalCenter;
			};
			name = Debug;
		};
		F4E77D021FAC8123007FCAA4 /* Release */ = {
			isa = XCBuildConfiguration;
			baseConfigurationReference = E060FFB3490A726638BB1E9B /* Pods-PeleMedicalCenterUITests.release.xcconfig */;
			buildSettings = {
				ALWAYS_EMBED_SWIFT_STANDARD_LIBRARIES = YES;
				CODE_SIGN_STYLE = Automatic;
				DEVELOPMENT_TEAM = T4H78CRT5T;
				INFOPLIST_FILE = PeleMedicalCenterUITests/Info.plist;
				LD_RUNPATH_SEARCH_PATHS = "$(inherited) @executable_path/Frameworks @loader_path/Frameworks";
				PRODUCT_BUNDLE_IDENTIFIER = com.mobway.PeleMedicalCenterUITests;
				PRODUCT_NAME = "$(TARGET_NAME)";
				SWIFT_VERSION = 4.0;
				TARGETED_DEVICE_FAMILY = "1,2";
				TEST_TARGET_NAME = PeleMedicalCenter;
			};
			name = Release;
		};
/* End XCBuildConfiguration section */

/* Begin XCConfigurationList section */
		F4E77CCB1FAC8123007FCAA4 /* Build configuration list for PBXProject "PeleMedicalCenter" */ = {
			isa = XCConfigurationList;
			buildConfigurations = (
				F4E77CF81FAC8123007FCAA4 /* Debug */,
				F4E77CF91FAC8123007FCAA4 /* Release */,
			);
			defaultConfigurationIsVisible = 0;
			defaultConfigurationName = Release;
		};
		F4E77CFA1FAC8123007FCAA4 /* Build configuration list for PBXNativeTarget "PeleMedicalCenter" */ = {
			isa = XCConfigurationList;
			buildConfigurations = (
				F4E77CFB1FAC8123007FCAA4 /* Debug */,
				F4E77CFC1FAC8123007FCAA4 /* Release */,
			);
			defaultConfigurationIsVisible = 0;
			defaultConfigurationName = Release;
		};
		F4E77CFD1FAC8123007FCAA4 /* Build configuration list for PBXNativeTarget "PeleMedicalCenterTests" */ = {
			isa = XCConfigurationList;
			buildConfigurations = (
				F4E77CFE1FAC8123007FCAA4 /* Debug */,
				F4E77CFF1FAC8123007FCAA4 /* Release */,
			);
			defaultConfigurationIsVisible = 0;
			defaultConfigurationName = Release;
		};
		F4E77D001FAC8123007FCAA4 /* Build configuration list for PBXNativeTarget "PeleMedicalCenterUITests" */ = {
			isa = XCConfigurationList;
			buildConfigurations = (
				F4E77D011FAC8123007FCAA4 /* Debug */,
				F4E77D021FAC8123007FCAA4 /* Release */,
			);
			defaultConfigurationIsVisible = 0;
			defaultConfigurationName = Release;
		};
/* End XCConfigurationList section */

/* Begin XCVersionGroup section */
		F45AFF4A1FBD16A0007D1E57 /* CoreDataPatientModel.xcdatamodeld */ = {
			isa = XCVersionGroup;
			children = (
				F45AFF4B1FBD16A0007D1E57 /* CoreDataPatientModel.xcdatamodel */,
			);
			currentVersion = F45AFF4B1FBD16A0007D1E57 /* CoreDataPatientModel.xcdatamodel */;
			path = CoreDataPatientModel.xcdatamodeld;
			sourceTree = "<group>";
			versionGroupType = wrapper.xcdatamodel;
		};
/* End XCVersionGroup section */
	};
	rootObject = F4E77CC81FAC8123007FCAA4 /* Project object */;
}
